
Microsoft Visual Studio Solution File, Format Version 12.00
# Visual Studio Version 16
VisualStudioVersion = 16.0.29613.14
MinimumVisualStudioVersion = 10.0.40219.1
Project("{9A19103F-16F7-4668-BE54-9A1E7A4F7556}") = "MedicalApp.WebAPI", "MedicalApp\MedicalApp.WebAPI.csproj", "{C8B3C05C-3712-4CB8-B9DC-2DD639F30A8C}"
EndProject
Project("{FAE04EC0-301F-11D3-BF4B-00C04F79EFBC}") = "MedicalApp.BusinessLogic", "MedicalApp.BusinessLogic\MedicalApp.BusinessLogic.csproj", "{6929909E-100C-42BF-9785-EB968B7C4AFD}"
EndProject
Project("{FAE04EC0-301F-11D3-BF4B-00C04F79EFBC}") = "MedicalApp.EntityFramework", "MedicalApp.EntityFramework\MedicalApp.EntityFramework.csproj", "{FDDA7063-3E34-4B93-85F6-18A286669FFC}"
EndProject
Global
	GlobalSection(SolutionConfigurationPlatforms) = preSolution
		Debug|Any CPU = Debug|Any CPU
		Release|Any CPU = Release|Any CPU
	EndGlobalSection
	GlobalSection(ProjectConfigurationPlatforms) = postSolution
		{C8B3C05C-3712-4CB8-B9DC-2DD639F30A8C}.Debug|Any CPU.ActiveCfg = Debug|Any CPU
		{C8B3C05C-3712-4CB8-B9DC-2DD639F30A8C}.Debug|Any CPU.Build.0 = Debug|Any CPU
		{C8B3C05C-3712-4CB8-B9DC-2DD639F30A8C}.Release|Any CPU.ActiveCfg = Release|Any CPU
		{C8B3C05C-3712-4CB8-B9DC-2DD639F30A8C}.Release|Any CPU.Build.0 = Release|Any CPU
		{6929909E-100C-42BF-9785-EB968B7C4AFD}.Debug|Any CPU.ActiveCfg = Debug|Any CPU
		{6929909E-100C-42BF-9785-EB968B7C4AFD}.Debug|Any CPU.Build.0 = Debug|Any CPU
		{6929909E-100C-42BF-9785-EB968B7C4AFD}.Release|Any CPU.ActiveCfg = Release|Any CPU
		{6929909E-100C-42BF-9785-EB968B7C4AFD}.Release|Any CPU.Build.0 = Release|Any CPU
		{FDDA7063-3E34-4B93-85F6-18A286669FFC}.Debug|Any CPU.ActiveCfg = Debug|Any CPU
		{FDDA7063-3E34-4B93-85F6-18A286669FFC}.Debug|Any CPU.Build.0 = Debug|Any CPU
		{FDDA7063-3E34-4B93-85F6-18A286669FFC}.Release|Any CPU.ActiveCfg = Release|Any CPU
		{FDDA7063-3E34-4B93-85F6-18A286669FFC}.Release|Any CPU.Build.0 = Release|Any CPU
	EndGlobalSection
	GlobalSection(SolutionProperties) = preSolution
		HideSolutionNode = FALSE
	EndGlobalSection
	GlobalSection(ExtensibilityGlobals) = postSolution
		SolutionGuid = {E524715F-CF49-4388-82CC-4A75CE789A34}
	EndGlobalSection
EndGlobal
